
Microsoft Visual Studio Solution File, Format Version 12.00
# Visual Studio Version 16
VisualStudioVersion = 16.0.30804.86
MinimumVisualStudioVersion = 10.0.40219.1
Project("{888888A0-9F3D-457C-B088-3A5042F75D52}") = "stocks", "stocks.pyproj", "{65697E78-C1D1-4C81-9914-474A88FA10B7}"
EndProject
Global
	GlobalSection(SolutionConfigurationPlatforms) = preSolution
		Debug|Any CPU = Debug|Any CPU
		Release|Any CPU = Release|Any CPU
	EndGlobalSection
	GlobalSection(ProjectConfigurationPlatforms) = postSolution
		{65697E78-C1D1-4C81-9914-474A88FA10B7}.Debug|Any CPU.ActiveCfg = Debug|Any CPU
		{65697E78-C1D1-4C81-9914-474A88FA10B7}.Release|Any CPU.ActiveCfg = Release|Any CPU
	EndGlobalSection
	GlobalSection(SolutionProperties) = preSolution
		HideSolutionNode = FALSE
	EndGlobalSection
	GlobalSection(ExtensibilityGlobals) = postSolution
		SolutionGuid = {30904DD7-D43E-41A8-A1F5-3D890E315006}
	EndGlobalSection
EndGlobal
